
Microsoft Visual Studio Solution File, Format Version 12.00
# Visual Studio Version 16
VisualStudioVersion = 16.0.30011.22
MinimumVisualStudioVersion = 10.0.40219.1
Project("{FAE04EC0-301F-11D3-BF4B-00C04F79EFBC}") = "DBContactSolution1", "DBContactSolution1\DBContactSolution1.csproj", "{34D4BFE5-DC2A-4D85-88FE-9492FE369535}"
EndProject
Project("{FAE04EC0-301F-11D3-BF4B-00C04F79EFBC}") = "ContactDBTest", "ContactDBTes\ContactDBTest.csproj", "{40995797-134B-4DAC-8A6F-64FA8FB4D65E}"
EndProject
Global
	GlobalSection(SolutionConfigurationPlatforms) = preSolution
		Debug|Any CPU = Debug|Any CPU
		Release|Any CPU = Release|Any CPU
	EndGlobalSection
	GlobalSection(ProjectConfigurationPlatforms) = postSolution
		{34D4BFE5-DC2A-4D85-88FE-9492FE369535}.Debug|Any CPU.ActiveCfg = Debug|Any CPU
		{34D4BFE5-DC2A-4D85-88FE-9492FE369535}.Debug|Any CPU.Build.0 = Debug|Any CPU
		{34D4BFE5-DC2A-4D85-88FE-9492FE369535}.Release|Any CPU.ActiveCfg = Release|Any CPU
		{34D4BFE5-DC2A-4D85-88FE-9492FE369535}.Release|Any CPU.Build.0 = Release|Any CPU
		{40995797-134B-4DAC-8A6F-64FA8FB4D65E}.Debug|Any CPU.ActiveCfg = Debug|Any CPU
		{40995797-134B-4DAC-8A6F-64FA8FB4D65E}.Debug|Any CPU.Build.0 = Debug|Any CPU
		{40995797-134B-4DAC-8A6F-64FA8FB4D65E}.Release|Any CPU.ActiveCfg = Release|Any CPU
		{40995797-134B-4DAC-8A6F-64FA8FB4D65E}.Release|Any CPU.Build.0 = Release|Any CPU
	EndGlobalSection
	GlobalSection(SolutionProperties) = preSolution
		HideSolutionNode = FALSE
	EndGlobalSection
	GlobalSection(ExtensibilityGlobals) = postSolution
		SolutionGuid = {E1BC9999-46EC-47B0-BA2F-2C552B0D1DE8}
	EndGlobalSection
EndGlobal
